
Microsoft Visual Studio Solution File, Format Version 12.00
# Visual Studio 2012
Project("{FAE04EC0-301F-11D3-BF4B-00C04F79EFBC}") = "property layer", "property layer\property layer.csproj", "{332AF95E-9F63-4171-91F5-4C12303E81CA}"
EndProject
Project("{FAE04EC0-301F-11D3-BF4B-00C04F79EFBC}") = "business layer", "business layer\business layer.csproj", "{4874FC13-EA33-4F1F-8E4A-CD8B7047AB76}"
	ProjectSection(ProjectDependencies) = postProject
		{332AF95E-9F63-4171-91F5-4C12303E81CA} = {332AF95E-9F63-4171-91F5-4C12303E81CA}
		{C52E3492-534D-4071-924D-B40432348708} = {C52E3492-534D-4071-924D-B40432348708}
	EndProjectSection
EndProject
Project("{FAE04EC0-301F-11D3-BF4B-00C04F79EFBC}") = "Data Acess layer", "Data Acess layer\Data Acess layer.csproj", "{C52E3492-534D-4071-924D-B40432348708}"
	ProjectSection(ProjectDependencies) = postProject
		{332AF95E-9F63-4171-91F5-4C12303E81CA} = {332AF95E-9F63-4171-91F5-4C12303E81CA}
	EndProjectSection
EndProject
Project("{FAE04EC0-301F-11D3-BF4B-00C04F79EFBC}") = "Presentation Layer", "Presentation Layer\Presentation Layer.csproj", "{60E7340C-469C-4465-B4E1-0C5C204BF723}"
	ProjectSection(ProjectDependencies) = postProject
		{4874FC13-EA33-4F1F-8E4A-CD8B7047AB76} = {4874FC13-EA33-4F1F-8E4A-CD8B7047AB76}
		{332AF95E-9F63-4171-91F5-4C12303E81CA} = {332AF95E-9F63-4171-91F5-4C12303E81CA}
		{C52E3492-534D-4071-924D-B40432348708} = {C52E3492-534D-4071-924D-B40432348708}
	EndProjectSection
EndProject
Global
	GlobalSection(SolutionConfigurationPlatforms) = preSolution
		Debug|Any CPU = Debug|Any CPU
		Release|Any CPU = Release|Any CPU
	EndGlobalSection
	GlobalSection(ProjectConfigurationPlatforms) = postSolution
		{332AF95E-9F63-4171-91F5-4C12303E81CA}.Debug|Any CPU.ActiveCfg = Debug|Any CPU
		{332AF95E-9F63-4171-91F5-4C12303E81CA}.Debug|Any CPU.Build.0 = Debug|Any CPU
		{332AF95E-9F63-4171-91F5-4C12303E81CA}.Release|Any CPU.ActiveCfg = Release|Any CPU
		{332AF95E-9F63-4171-91F5-4C12303E81CA}.Release|Any CPU.Build.0 = Release|Any CPU
		{4874FC13-EA33-4F1F-8E4A-CD8B7047AB76}.Debug|Any CPU.ActiveCfg = Debug|Any CPU
		{4874FC13-EA33-4F1F-8E4A-CD8B7047AB76}.Debug|Any CPU.Build.0 = Debug|Any CPU
		{4874FC13-EA33-4F1F-8E4A-CD8B7047AB76}.Release|Any CPU.ActiveCfg = Release|Any CPU
		{4874FC13-EA33-4F1F-8E4A-CD8B7047AB76}.Release|Any CPU.Build.0 = Release|Any CPU
		{C52E3492-534D-4071-924D-B40432348708}.Debug|Any CPU.ActiveCfg = Debug|Any CPU
		{C52E3492-534D-4071-924D-B40432348708}.Debug|Any CPU.Build.0 = Debug|Any CPU
		{C52E3492-534D-4071-924D-B40432348708}.Release|Any CPU.ActiveCfg = Release|Any CPU
		{C52E3492-534D-4071-924D-B40432348708}.Release|Any CPU.Build.0 = Release|Any CPU
		{60E7340C-469C-4465-B4E1-0C5C204BF723}.Debug|Any CPU.ActiveCfg = Debug|Any CPU
		{60E7340C-469C-4465-B4E1-0C5C204BF723}.Debug|Any CPU.Build.0 = Debug|Any CPU
		{60E7340C-469C-4465-B4E1-0C5C204BF723}.Release|Any CPU.ActiveCfg = Release|Any CPU
		{60E7340C-469C-4465-B4E1-0C5C204BF723}.Release|Any CPU.Build.0 = Release|Any CPU
	EndGlobalSection
	GlobalSection(SolutionProperties) = preSolution
		HideSolutionNode = FALSE
	EndGlobalSection
EndGlobal
